
Microsoft Visual Studio Solution File, Format Version 12.00
# Visual Studio Version 17
VisualStudioVersion = 17.7.34031.279
MinimumVisualStudioVersion = 10.0.40219.1
Project("{FAE04EC0-301F-11D3-BF4B-00C04F79EFBC}") = "Formulario_Datos", "Formulario_Datos\Formulario_Datos.csproj", "{A744FCF6-79DC-4CD2-B4E9-2A816E8D64DC}"
EndProject
Global
	GlobalSection(SolutionConfigurationPlatforms) = preSolution
		Debug|Any CPU = Debug|Any CPU
		Release|Any CPU = Release|Any CPU
	EndGlobalSection
	GlobalSection(ProjectConfigurationPlatforms) = postSolution
		{A744FCF6-79DC-4CD2-B4E9-2A816E8D64DC}.Debug|Any CPU.ActiveCfg = Debug|Any CPU
		{A744FCF6-79DC-4CD2-B4E9-2A816E8D64DC}.Debug|Any CPU.Build.0 = Debug|Any CPU
		{A744FCF6-79DC-4CD2-B4E9-2A816E8D64DC}.Release|Any CPU.ActiveCfg = Release|Any CPU
		{A744FCF6-79DC-4CD2-B4E9-2A816E8D64DC}.Release|Any CPU.Build.0 = Release|Any CPU
	EndGlobalSection
	GlobalSection(SolutionProperties) = preSolution
		HideSolutionNode = FALSE
	EndGlobalSection
	GlobalSection(ExtensibilityGlobals) = postSolution
		SolutionGuid = {6CB6B938-8391-47B2-9D12-EBB943DCD76F}
	EndGlobalSection
EndGlobal
